// !$*UTF8*$!
{
	archiveVersion = 1;
	classes = {
	};
	objectVersion = 55;
	objects = {

/* Begin PBXGroup section */
		D973F8F3282AF64E00FCD546 = {
			isa = PBXGroup;
			children = (
			);
			sourceTree = "<group>";
		};
/* End PBXGroup section */

/* Begin PBXProject section */
		D973F8F4282AF64E00FCD546 /* Project object */ = {
			isa = PBXProject;
			attributes = {
				BuildIndependentTargetsInParallel = 1;
				LastUpgradeCheck = 1330;
			};
			buildConfigurationList = D973F8F7282AF64E00FCD546 /* Build configuration list for PBXProject "Xcode Helpers" */;
			compatibilityVersion = "Xcode 13.0";
			developmentRegion = en;
			hasScannedForEncodings = 0;
			knownRegions = (
				en,
				Base,
			);
			mainGroup = D973F8F3282AF64E00FCD546;
			projectDirPath = "";
			projectRoot = "";
			targets = (
			);
		};
/* End PBXProject section */

/* Begin XCBuildConfiguration section */
		D973F8F8282AF64E00FCD546 /* Debug */ = {
			isa = XCBuildConfiguration;
			buildSettings = {
			};
			name = Debug;
		};
		D973F8F9282AF64E00FCD546 /* Release */ = {
			isa = XCBuildConfiguration;
			buildSettings = {
			};
			name = Release;
		};
/* End XCBuildConfiguration section */

/* Begin XCConfigurationList section */
		D973F8F7282AF64E00FCD546 /* Build configuration list for PBXProject "Xcode Helpers" */ = {
			isa = XCConfigurationList;
			buildConfigurations = (
				D973F8F8282AF64E00FCD546 /* Debug */,
				D973F8F9282AF64E00FCD546 /* Release */,
			);
			defaultConfigurationIsVisible = 0;
			defaultConfigurationName = Release;
		};
/* End XCConfigurationList section */
	};
	rootObject = D973F8F4282AF64E00FCD546 /* Project object */;
}
